
Microsoft Visual Studio Solution File, Format Version 12.00
# Visual Studio 15
VisualStudioVersion = 15.0.28010.2050
MinimumVisualStudioVersion = 10.0.40219.1
Project("{888888A0-9F3D-457C-B088-3A5042F75D52}") = "CIDM architecture final proj", "CIDM architecture final proj\CIDM architecture final proj.pyproj", "{E7F93796-3CB4-4BED-B6CB-50B50C3C2807}"
EndProject
Global
	GlobalSection(SolutionConfigurationPlatforms) = preSolution
		Debug|Any CPU = Debug|Any CPU
		Release|Any CPU = Release|Any CPU
	EndGlobalSection
	GlobalSection(ProjectConfigurationPlatforms) = postSolution
		{E7F93796-3CB4-4BED-B6CB-50B50C3C2807}.Debug|Any CPU.ActiveCfg = Debug|Any CPU
		{E7F93796-3CB4-4BED-B6CB-50B50C3C2807}.Release|Any CPU.ActiveCfg = Release|Any CPU
	EndGlobalSection
	GlobalSection(SolutionProperties) = preSolution
		HideSolutionNode = FALSE
	EndGlobalSection
	GlobalSection(ExtensibilityGlobals) = postSolution
		SolutionGuid = {648A3405-227E-490F-B4E4-7D17FBA0E492}
	EndGlobalSection
EndGlobal
